
Microsoft Visual Studio Solution File, Format Version 12.00
# Visual Studio 15
VisualStudioVersion = 15.0.28307.645
MinimumVisualStudioVersion = 10.0.40219.1
Project("{FAE04EC0-301F-11D3-BF4B-00C04F79EFBC}") = "BlackBOT.Domain", "BlackBOT.Domain\BlackBOT.Domain.csproj", "{1C8B2E04-A974-4429-A837-05A2D14D5C46}"
EndProject
Project("{FAE04EC0-301F-11D3-BF4B-00C04F79EFBC}") = "BlackBOT.Domain.Tests", "BlackBOT.Domain.Tests\BlackBOT.Domain.Tests.csproj", "{4CCD18A4-D6E3-4928-A8A2-5D9250FE841E}"
EndProject
Project("{FAE04EC0-301F-11D3-BF4B-00C04F79EFBC}") = "BlackBOT.Application", "BlackBOT.Application\BlackBOT.Application.csproj", "{2543F5D0-829F-41A9-90E1-6317590CF5A4}"
EndProject
Project("{FAE04EC0-301F-11D3-BF4B-00C04F79EFBC}") = "BlackBOT.Application.Tests", "BlackBOT.Application.Tests\BlackBOT.Application.Tests.csproj", "{8D4B88D7-746C-4BB0-B373-6967D6B966F2}"
EndProject
Project("{FAE04EC0-301F-11D3-BF4B-00C04F79EFBC}") = "BlackBOT.Infrastructure", "BlackBOT.Infrastructure\BlackBOT.Infrastructure.csproj", "{F88221C4-4FD4-4685-BBE8-8F96F5CA24B8}"
EndProject
Project("{FAE04EC0-301F-11D3-BF4B-00C04F79EFBC}") = "BlackBOT.Presentation", "BlackBOT.Presentation\BlackBOT.Presentation.csproj", "{CDB718F3-D2C2-4613-92F1-78A636409C3C}"
EndProject
Project("{FAE04EC0-301F-11D3-BF4B-00C04F79EFBC}") = "BlackBOT.Presentation.Tests", "BlackBOT.Presentation.Tests\BlackBOT.Presentation.Tests.csproj", "{D8135348-142F-46CB-9D3C-E5ABE437E65D}"
EndProject
Global
	GlobalSection(SolutionConfigurationPlatforms) = preSolution
		Debug|Any CPU = Debug|Any CPU
		Release|Any CPU = Release|Any CPU
	EndGlobalSection
	GlobalSection(ProjectConfigurationPlatforms) = postSolution
		{1C8B2E04-A974-4429-A837-05A2D14D5C46}.Debug|Any CPU.ActiveCfg = Debug|Any CPU
		{1C8B2E04-A974-4429-A837-05A2D14D5C46}.Debug|Any CPU.Build.0 = Debug|Any CPU
		{1C8B2E04-A974-4429-A837-05A2D14D5C46}.Release|Any CPU.ActiveCfg = Release|Any CPU
		{1C8B2E04-A974-4429-A837-05A2D14D5C46}.Release|Any CPU.Build.0 = Release|Any CPU
		{4CCD18A4-D6E3-4928-A8A2-5D9250FE841E}.Debug|Any CPU.ActiveCfg = Debug|Any CPU
		{4CCD18A4-D6E3-4928-A8A2-5D9250FE841E}.Debug|Any CPU.Build.0 = Debug|Any CPU
		{4CCD18A4-D6E3-4928-A8A2-5D9250FE841E}.Release|Any CPU.ActiveCfg = Release|Any CPU
		{4CCD18A4-D6E3-4928-A8A2-5D9250FE841E}.Release|Any CPU.Build.0 = Release|Any CPU
		{2543F5D0-829F-41A9-90E1-6317590CF5A4}.Debug|Any CPU.ActiveCfg = Debug|Any CPU
		{2543F5D0-829F-41A9-90E1-6317590CF5A4}.Debug|Any CPU.Build.0 = Debug|Any CPU
		{2543F5D0-829F-41A9-90E1-6317590CF5A4}.Release|Any CPU.ActiveCfg = Release|Any CPU
		{2543F5D0-829F-41A9-90E1-6317590CF5A4}.Release|Any CPU.Build.0 = Release|Any CPU
		{8D4B88D7-746C-4BB0-B373-6967D6B966F2}.Debug|Any CPU.ActiveCfg = Debug|Any CPU
		{8D4B88D7-746C-4BB0-B373-6967D6B966F2}.Debug|Any CPU.Build.0 = Debug|Any CPU
		{8D4B88D7-746C-4BB0-B373-6967D6B966F2}.Release|Any CPU.ActiveCfg = Release|Any CPU
		{8D4B88D7-746C-4BB0-B373-6967D6B966F2}.Release|Any CPU.Build.0 = Release|Any CPU
		{F88221C4-4FD4-4685-BBE8-8F96F5CA24B8}.Debug|Any CPU.ActiveCfg = Debug|Any CPU
		{F88221C4-4FD4-4685-BBE8-8F96F5CA24B8}.Debug|Any CPU.Build.0 = Debug|Any CPU
		{F88221C4-4FD4-4685-BBE8-8F96F5CA24B8}.Release|Any CPU.ActiveCfg = Release|Any CPU
		{F88221C4-4FD4-4685-BBE8-8F96F5CA24B8}.Release|Any CPU.Build.0 = Release|Any CPU
		{CDB718F3-D2C2-4613-92F1-78A636409C3C}.Debug|Any CPU.ActiveCfg = Debug|Any CPU
		{CDB718F3-D2C2-4613-92F1-78A636409C3C}.Debug|Any CPU.Build.0 = Debug|Any CPU
		{CDB718F3-D2C2-4613-92F1-78A636409C3C}.Release|Any CPU.ActiveCfg = Release|Any CPU
		{CDB718F3-D2C2-4613-92F1-78A636409C3C}.Release|Any CPU.Build.0 = Release|Any CPU
		{D8135348-142F-46CB-9D3C-E5ABE437E65D}.Debug|Any CPU.ActiveCfg = Debug|Any CPU
		{D8135348-142F-46CB-9D3C-E5ABE437E65D}.Debug|Any CPU.Build.0 = Debug|Any CPU
		{D8135348-142F-46CB-9D3C-E5ABE437E65D}.Release|Any CPU.ActiveCfg = Release|Any CPU
		{D8135348-142F-46CB-9D3C-E5ABE437E65D}.Release|Any CPU.Build.0 = Release|Any CPU
	EndGlobalSection
	GlobalSection(SolutionProperties) = preSolution
		HideSolutionNode = FALSE
	EndGlobalSection
	GlobalSection(ExtensibilityGlobals) = postSolution
		SolutionGuid = {E7439230-2A77-48CE-B7E2-2F147A14E38C}
	EndGlobalSection
EndGlobal
